{"format_version":"1.1","terraform_version":"1.4.6","variables":{"client_id":{"value":"81039d54-e89a-4794-a379-e0229c6c0982"},"client_secret":{"value":"2Ik8Q~8~sRPZfBp406iSLalz9REuFwYtgMLMgb7c"},"driver_node_type_id":{"value":"Standard_F4s"},"node_type_id":{"value":"Standard_F4s"},"spark_version":{"value":"8.2.x-scala2.12"},"subscription_id":{"value":"7ca5fc28-3bbc-47b0-960d-4dba56edc701"},"tenant_id":{"value":"208effc2-b43b-40b9-a5b1-8882b8d51171"}},"planned_values":{"root_module":{"resources":[{"address":"azurerm_databricks_workspace.DB_workspace","mode":"managed","type":"azurerm_databricks_workspace","name":"DB_workspace","provider_name":"registry.terraform.io/hashicorp/azurerm","schema_version":0,"values":{"customer_managed_key_enabled":false,"infrastructure_encryption_enabled":false,"load_balancer_backend_address_pool_id":null,"location":"westeurope","managed_disk_cmk_key_vault_key_id":null,"managed_disk_cmk_rotation_to_latest_version_enabled":null,"managed_services_cmk_key_vault_key_id":null,"name":"databricks-workspace-dev","public_network_access_enabled":false,"resource_group_name":"benz_rg","sku":"standard","tags":null,"timeouts":null},"sensitive_values":{"custom_parameters":[],"managed_disk_identity":[],"storage_account_identity":[]}},{"address":"azurerm_resource_group.resource_group","mode":"managed","type":"azurerm_resource_group","name":"resource_group","provider_name":"registry.terraform.io/hashicorp/azurerm","schema_version":0,"values":{"location":"westeurope","managed_by":null,"name":"benz_rg","tags":null,"timeouts":null},"sensitive_values":{}},{"address":"databricks_cluster.cluster_conf","mode":"managed","type":"databricks_cluster","name":"cluster_conf","provider_name":"registry.terraform.io/databricks/databricks","schema_version":2,"values":{"autoscale":[],"autotermination_minutes":10,"aws_attributes":[],"azure_attributes":[],"cluster_log_conf":[],"cluster_name":"test-cluster","custom_tags":null,"data_security_mode":null,"docker_image":[],"driver_node_type_id":"Standard_F4s","gcp_attributes":[],"idempotency_token":null,"init_scripts":[],"instance_pool_id":null,"is_pinned":null,"library":[],"node_type_id":"Standard_F4s","num_workers":1,"policy_id":null,"single_user_name":null,"spark_conf":null,"spark_env_vars":null,"spark_version":"8.2.x-scala2.12","ssh_public_keys":null,"timeouts":null},"sensitive_values":{"autoscale":[],"aws_attributes":[],"azure_attributes":[],"cluster_log_conf":[],"default_tags":{},"docker_image":[],"gcp_attributes":[],"init_scripts":[],"library":[]}}]}},"resource_changes":[{"address":"azurerm_databricks_workspace.DB_workspace","mode":"managed","type":"azurerm_databricks_workspace","name":"DB_workspace","provider_name":"registry.terraform.io/hashicorp/azurerm","change":{"actions":["create"],"before":null,"after":{"customer_managed_key_enabled":false,"infrastructure_encryption_enabled":false,"load_balancer_backend_address_pool_id":null,"location":"westeurope","managed_disk_cmk_key_vault_key_id":null,"managed_disk_cmk_rotation_to_latest_version_enabled":null,"managed_services_cmk_key_vault_key_id":null,"name":"databricks-workspace-dev","public_network_access_enabled":false,"resource_group_name":"benz_rg","sku":"standard","tags":null,"timeouts":null},"after_unknown":{"custom_parameters":true,"disk_encryption_set_id":true,"id":true,"managed_disk_identity":true,"managed_resource_group_id":true,"managed_resource_group_name":true,"network_security_group_rules_required":true,"storage_account_identity":true,"workspace_id":true,"workspace_url":true},"before_sensitive":false,"after_sensitive":{"custom_parameters":[],"managed_disk_identity":[],"storage_account_identity":[]}}},{"address":"azurerm_resource_group.resource_group","mode":"managed","type":"azurerm_resource_group","name":"resource_group","provider_name":"registry.terraform.io/hashicorp/azurerm","change":{"actions":["create"],"before":null,"after":{"location":"westeurope","managed_by":null,"name":"benz_rg","tags":null,"timeouts":null},"after_unknown":{"id":true},"before_sensitive":false,"after_sensitive":{}}},{"address":"databricks_cluster.cluster_conf","mode":"managed","type":"databricks_cluster","name":"cluster_conf","provider_name":"registry.terraform.io/databricks/databricks","change":{"actions":["create"],"before":null,"after":{"autoscale":[],"autotermination_minutes":10,"aws_attributes":[],"azure_attributes":[],"cluster_log_conf":[],"cluster_name":"test-cluster","custom_tags":null,"data_security_mode":null,"docker_image":[],"driver_node_type_id":"Standard_F4s","gcp_attributes":[],"idempotency_token":null,"init_scripts":[],"instance_pool_id":null,"is_pinned":null,"library":[],"node_type_id":"Standard_F4s","num_workers":1,"policy_id":null,"single_user_name":null,"spark_conf":null,"spark_env_vars":null,"spark_version":"8.2.x-scala2.12","ssh_public_keys":null,"timeouts":null},"after_unknown":{"autoscale":[],"aws_attributes":[],"azure_attributes":[],"cluster_id":true,"cluster_log_conf":[],"default_tags":true,"docker_image":[],"driver_instance_pool_id":true,"enable_elastic_disk":true,"enable_local_disk_encryption":true,"gcp_attributes":[],"id":true,"init_scripts":[],"library":[],"state":true,"url":true},"before_sensitive":false,"after_sensitive":{"autoscale":[],"aws_attributes":[],"azure_attributes":[],"cluster_log_conf":[],"default_tags":{},"docker_image":[],"gcp_attributes":[],"init_scripts":[],"library":[]}}}],"configuration":{"provider_config":{"azurerm":{"name":"azurerm","full_name":"registry.terraform.io/hashicorp/azurerm","version_constraint":"3.76.0","expressions":{"client_id":{"references":["var.client_id"]},"client_secret":{"references":["var.client_secret"]},"features":[{}],"skip_provider_registration":{"constant_value":true},"subscription_id":{"references":["var.subscription_id"]},"tenant_id":{"references":["var.tenant_id"]}}},"databricks":{"name":"databricks","full_name":"registry.terraform.io/databricks/databricks","version_constraint":"1.0.0","expressions":{"azure_client_id":{"references":["var.client_id"]},"azure_client_secret":{"references":["var.client_secret"]},"azure_tenant_id":{"references":["var.tenant_id"]},"azure_workspace_resource_id":{"references":["azurerm_databricks_workspace.DB_workspace.id","azurerm_databricks_workspace.DB_workspace"]},"host":{"references":["azurerm_databricks_workspace.DB_workspace.workspace_url","azurerm_databricks_workspace.DB_workspace"]}}}},"root_module":{"resources":[{"address":"azurerm_databricks_workspace.DB_workspace","mode":"managed","type":"azurerm_databricks_workspace","name":"DB_workspace","provider_config_key":"azurerm","expressions":{"location":{"references":["azurerm_resource_group.resource_group.location","azurerm_resource_group.resource_group"]},"name":{"constant_value":"databricks-workspace-dev"},"public_network_access_enabled":{"constant_value":false},"resource_group_name":{"references":["azurerm_resource_group.resource_group.name","azurerm_resource_group.resource_group"]},"sku":{"constant_value":"standard"}},"schema_version":0},{"address":"azurerm_resource_group.resource_group","mode":"managed","type":"azurerm_resource_group","name":"resource_group","provider_config_key":"azurerm","expressions":{"location":{"constant_value":"westeurope"},"name":{"constant_value":"benz_rg"}},"schema_version":0},{"address":"databricks_cluster.cluster_conf","mode":"managed","type":"databricks_cluster","name":"cluster_conf","provider_config_key":"databricks","expressions":{"autotermination_minutes":{"constant_value":10},"cluster_name":{"constant_value":"test-cluster"},"driver_node_type_id":{"references":["var.driver_node_type_id"]},"node_type_id":{"references":["var.node_type_id"]},"num_workers":{"constant_value":1},"spark_version":{"references":["var.spark_version"]}},"schema_version":2}],"variables":{"client_id":{"default":"81039d54-e89a-4794-a379-e0229c6c0982"},"client_secret":{"default":"2Ik8Q~8~sRPZfBp406iSLalz9REuFwYtgMLMgb7c"},"driver_node_type_id":{"default":"Standard_F4s"},"node_type_id":{"default":"Standard_F4s"},"spark_version":{"default":"8.2.x-scala2.12"},"subscription_id":{"default":"7ca5fc28-3bbc-47b0-960d-4dba56edc701"},"tenant_id":{"default":"208effc2-b43b-40b9-a5b1-8882b8d51171"}}}},"relevant_attributes":[{"resource":"azurerm_resource_group.resource_group","attribute":["location"]},{"resource":"azurerm_resource_group.resource_group","attribute":["name"]}]}
